# This file is autogenerated, do not edit; changes may be undone by the next 'dep ensure'.


[[projects]]
  name = "github.com/mxk/go-sqlite"
  packages = ["sqlite3"]
  revision = "167da9432e1f4602e95ea67b67051cfa34412e3f"

[solve-meta]
  analyzer-name = "dep"
  analyzer-version = 1
  inputs-digest = "871b2dc5105f40e09347bb14ac7fdbacec6a7c9cd9e63ab460425f206d947db1"
  solver-name = "gps-cdcl"
  solver-version = 1
