# This file is autogenerated, do not edit; changes may be undone by the next 'dep ensure'.


[[projects]]
  branch = "master"
  name = "github.com/mxk/go-sqlite"
  packages = ["sqlite3"]
  revision = "167da9432e1f4602e95ea67b67051cfa34412e3f"

[solve-meta]
  analyzer-name = "dep"
  analyzer-version = 1
  inputs-digest = "991a1940783fa34937ae9123f5eed66780dd35e30ca32331cbdb4b4850cb8c2e"
  solver-name = "gps-cdcl"
  solver-version = 1
